// !$*UTF8*$!
{
	archiveVersion = 1;
	classes = {
	};
	objectVersion = 55;
	objects = {

/* Begin PBXBuildFile section */
		731D62BE288EFFDD00810203 /* CupcakeCornerApp.swift in Sources */ = {isa = PBXBuildFile; fileRef = 731D62BD288EFFDD00810203 /* CupcakeCornerApp.swift */; };
		731D62C0288EFFDD00810203 /* ContentView.swift in Sources */ = {isa = PBXBuildFile; fileRef = 731D62BF288EFFDD00810203 /* ContentView.swift */; };
		731D62C2288EFFDD00810203 /* Assets.xcassets in Resources */ = {isa = PBXBuildFile; fileRef = 731D62C1288EFFDD00810203 /* Assets.xcassets */; };
		731D62C5288EFFDD00810203 /* Preview Assets.xcassets in Resources */ = {isa = PBXBuildFile; fileRef = 731D62C4288EFFDD00810203 /* Preview Assets.xcassets */; };
		731D62CF288EFFDD00810203 /* CupcakeCornerTests.swift in Sources */ = {isa = PBXBuildFile; fileRef = 731D62CE288EFFDD00810203 /* CupcakeCornerTests.swift */; };
		731D62D9288EFFDE00810203 /* CupcakeCornerUITests.swift in Sources */ = {isa = PBXBuildFile; fileRef = 731D62D8288EFFDE00810203 /* CupcakeCornerUITests.swift */; };
		731D62DB288EFFDE00810203 /* CupcakeCornerUITestsLaunchTests.swift in Sources */ = {isa = PBXBuildFile; fileRef = 731D62DA288EFFDE00810203 /* CupcakeCornerUITestsLaunchTests.swift */; };
		731D62E8288F005400810203 /* Order.swift in Sources */ = {isa = PBXBuildFile; fileRef = 731D62E7288F005400810203 /* Order.swift */; };
		73D938C4288F04D800FA72F7 /* AddressView.swift in Sources */ = {isa = PBXBuildFile; fileRef = 73D938C3288F04D800FA72F7 /* AddressView.swift */; };
		73D938C6288F3EBB00FA72F7 /* CheckoutView.swift in Sources */ = {isa = PBXBuildFile; fileRef = 73D938C5288F3EBB00FA72F7 /* CheckoutView.swift */; };
/* End PBXBuildFile section */

/* Begin PBXContainerItemProxy section */
		731D62CB288EFFDD00810203 /* PBXContainerItemProxy */ = {
			isa = PBXContainerItemProxy;
			containerPortal = 731D62B2288EFFDD00810203 /* Project object */;
			proxyType = 1;
			remoteGlobalIDString = 731D62B9288EFFDD00810203;
			remoteInfo = CupcakeCorner;
		};
		731D62D5288EFFDE00810203 /* PBXContainerItemProxy */ = {
			isa = PBXContainerItemProxy;
			containerPortal = 731D62B2288EFFDD00810203 /* Project object */;
			proxyType = 1;
			remoteGlobalIDString = 731D62B9288EFFDD00810203;
			remoteInfo = CupcakeCorner;
		};
/* End PBXContainerItemProxy section */

/* Begin PBXFileReference section */
		731D62BA288EFFDD00810203 /* CupcakeCorner.app */ = {isa = PBXFileReference; explicitFileType = wrapper.application; includeInIndex = 0; path = CupcakeCorner.app; sourceTree = BUILT_PRODUCTS_DIR; };
		731D62BD288EFFDD00810203 /* CupcakeCornerApp.swift */ = {isa = PBXFileReference; lastKnownFileType = sourcecode.swift; path = CupcakeCornerApp.swift; sourceTree = "<group>"; };
		731D62BF288EFFDD00810203 /* ContentView.swift */ = {isa = PBXFileReference; lastKnownFileType = sourcecode.swift; path = ContentView.swift; sourceTree = "<group>"; };
		731D62C1288EFFDD00810203 /* Assets.xcassets */ = {isa = PBXFileReference; lastKnownFileType = folder.assetcatalog; path = Assets.xcassets; sourceTree = "<group>"; };
		731D62C4288EFFDD00810203 /* Preview Assets.xcassets */ = {isa = PBXFileReference; lastKnownFileType = folder.assetcatalog; path = "Preview Assets.xcassets"; sourceTree = "<group>"; };
		731D62CA288EFFDD00810203 /* CupcakeCornerTests.xctest */ = {isa = PBXFileReference; explicitFileType = wrapper.cfbundle; includeInIndex = 0; path = CupcakeCornerTests.xctest; sourceTree = BUILT_PRODUCTS_DIR; };
		731D62CE288EFFDD00810203 /* CupcakeCornerTests.swift */ = {isa = PBXFileReference; lastKnownFileType = sourcecode.swift; path = CupcakeCornerTests.swift; sourceTree = "<group>"; };
		731D62D4288EFFDE00810203 /* CupcakeCornerUITests.xctest */ = {isa = PBXFileReference; explicitFileType = wrapper.cfbundle; includeInIndex = 0; path = CupcakeCornerUITests.xctest; sourceTree = BUILT_PRODUCTS_DIR; };
		731D62D8288EFFDE00810203 /* CupcakeCornerUITests.swift */ = {isa = PBXFileReference; lastKnownFileType = sourcecode.swift; path = CupcakeCornerUITests.swift; sourceTree = "<group>"; };
		731D62DA288EFFDE00810203 /* CupcakeCornerUITestsLaunchTests.swift */ = {isa = PBXFileReference; lastKnownFileType = sourcecode.swift; path = CupcakeCornerUITestsLaunchTests.swift; sourceTree = "<group>"; };
		731D62E7288F005400810203 /* Order.swift */ = {isa = PBXFileReference; lastKnownFileType = sourcecode.swift; path = Order.swift; sourceTree = "<group>"; };
		73D938C3288F04D800FA72F7 /* AddressView.swift */ = {isa = PBXFileReference; lastKnownFileType = sourcecode.swift; path = AddressView.swift; sourceTree = "<group>"; };
		73D938C5288F3EBB00FA72F7 /* CheckoutView.swift */ = {isa = PBXFileReference; lastKnownFileType = sourcecode.swift; path = CheckoutView.swift; sourceTree = "<group>"; };
/* End PBXFileReference section */

/* Begin PBXFrameworksBuildPhase section */
		731D62B7288EFFDD00810203 /* Frameworks */ = {
			isa = PBXFrameworksBuildPhase;
			buildActionMask = 2147483647;
			files = (
			);
			runOnlyForDeploymentPostprocessing = 0;
		};
		731D62C7288EFFDD00810203 /* Frameworks */ = {
			isa = PBXFrameworksBuildPhase;
			buildActionMask = 2147483647;
			files = (
			);
			runOnlyForDeploymentPostprocessing = 0;
		};
		731D62D1288EFFDE00810203 /* Frameworks */ = {
			isa = PBXFrameworksBuildPhase;
			buildActionMask = 2147483647;
			files = (
			);
			runOnlyForDeploymentPostprocessing = 0;
		};
/* End PBXFrameworksBuildPhase section */

/* Begin PBXGroup section */
		731D62B1288EFFDD00810203 = {
			isa = PBXGroup;
			children = (
				731D62BC288EFFDD00810203 /* CupcakeCorner */,
				731D62CD288EFFDD00810203 /* CupcakeCornerTests */,
				731D62D7288EFFDE00810203 /* CupcakeCornerUITests */,
				731D62BB288EFFDD00810203 /* Products */,
			);
			sourceTree = "<group>";
		};
		731D62BB288EFFDD00810203 /* Products */ = {
			isa = PBXGroup;
			children = (
				731D62BA288EFFDD00810203 /* CupcakeCorner.app */,
				731D62CA288EFFDD00810203 /* CupcakeCornerTests.xctest */,
				731D62D4288EFFDE00810203 /* CupcakeCornerUITests.xctest */,
			);
			name = Products;
			sourceTree = "<group>";
		};
		731D62BC288EFFDD00810203 /* CupcakeCorner */ = {
			isa = PBXGroup;
			children = (
				731D62BD288EFFDD00810203 /* CupcakeCornerApp.swift */,
				731D62BF288EFFDD00810203 /* ContentView.swift */,
				731D62E7288F005400810203 /* Order.swift */,
				73D938C3288F04D800FA72F7 /* AddressView.swift */,
				73D938C5288F3EBB00FA72F7 /* CheckoutView.swift */,
				731D62C1288EFFDD00810203 /* Assets.xcassets */,
				731D62C3288EFFDD00810203 /* Preview Content */,
			);
			path = CupcakeCorner;
			sourceTree = "<group>";
		};
		731D62C3288EFFDD00810203 /* Preview Content */ = {
			isa = PBXGroup;
			children = (
				731D62C4288EFFDD00810203 /* Preview Assets.xcassets */,
			);
			path = "Preview Content";
			sourceTree = "<group>";
		};
		731D62CD288EFFDD00810203 /* CupcakeCornerTests */ = {
			isa = PBXGroup;
			children = (
				731D62CE288EFFDD00810203 /* CupcakeCornerTests.swift */,
			);
			path = CupcakeCornerTests;
			sourceTree = "<group>";
		};
		731D62D7288EFFDE00810203 /* CupcakeCornerUITests */ = {
			isa = PBXGroup;
			children = (
				731D62D8288EFFDE00810203 /* CupcakeCornerUITests.swift */,
				731D62DA288EFFDE00810203 /* CupcakeCornerUITestsLaunchTests.swift */,
			);
			path = CupcakeCornerUITests;
			sourceTree = "<group>";
		};
/* End PBXGroup section */

/* Begin PBXNativeTarget section */
		731D62B9288EFFDD00810203 /* CupcakeCorner */ = {
			isa = PBXNativeTarget;
			buildConfigurationList = 731D62DE288EFFDE00810203 /* Build configuration list for PBXNativeTarget "CupcakeCorner" */;
			buildPhases = (
				731D62B6288EFFDD00810203 /* Sources */,
				731D62B7288EFFDD00810203 /* Frameworks */,
				731D62B8288EFFDD00810203 /* Resources */,
			);
			buildRules = (
			);
			dependencies = (
			);
			name = CupcakeCorner;
			productName = CupcakeCorner;
			productReference = 731D62BA288EFFDD00810203 /* CupcakeCorner.app */;
			productType = "com.apple.product-type.application";
		};
		731D62C9288EFFDD00810203 /* CupcakeCornerTests */ = {
			isa = PBXNativeTarget;
			buildConfigurationList = 731D62E1288EFFDE00810203 /* Build configuration list for PBXNativeTarget "CupcakeCornerTests" */;
			buildPhases = (
				731D62C6288EFFDD00810203 /* Sources */,
				731D62C7288EFFDD00810203 /* Frameworks */,
				731D62C8288EFFDD00810203 /* Resources */,
			);
			buildRules = (
			);
			dependencies = (
				731D62CC288EFFDD00810203 /* PBXTargetDependency */,
			);
			name = CupcakeCornerTests;
			productName = CupcakeCornerTests;
			productReference = 731D62CA288EFFDD00810203 /* CupcakeCornerTests.xctest */;
			productType = "com.apple.product-type.bundle.unit-test";
		};
		731D62D3288EFFDE00810203 /* CupcakeCornerUITests */ = {
			isa = PBXNativeTarget;
			buildConfigurationList = 731D62E4288EFFDE00810203 /* Build configuration list for PBXNativeTarget "CupcakeCornerUITests" */;
			buildPhases = (
				731D62D0288EFFDE00810203 /* Sources */,
				731D62D1288EFFDE00810203 /* Frameworks */,
				731D62D2288EFFDE00810203 /* Resources */,
			);
			buildRules = (
			);
			dependencies = (
				731D62D6288EFFDE00810203 /* PBXTargetDependency */,
			);
			name = CupcakeCornerUITests;
			productName = CupcakeCornerUITests;
			productReference = 731D62D4288EFFDE00810203 /* CupcakeCornerUITests.xctest */;
			productType = "com.apple.product-type.bundle.ui-testing";
		};
/* End PBXNativeTarget section */

/* Begin PBXProject section */
		731D62B2288EFFDD00810203 /* Project object */ = {
			isa = PBXProject;
			attributes = {
				BuildIndependentTargetsInParallel = 1;
				LastSwiftUpdateCheck = 1330;
				LastUpgradeCheck = 1330;
				TargetAttributes = {
					731D62B9288EFFDD00810203 = {
						CreatedOnToolsVersion = 13.3.1;
					};
					731D62C9288EFFDD00810203 = {
						CreatedOnToolsVersion = 13.3.1;
						TestTargetID = 731D62B9288EFFDD00810203;
					};
					731D62D3288EFFDE00810203 = {
						CreatedOnToolsVersion = 13.3.1;
						TestTargetID = 731D62B9288EFFDD00810203;
					};
				};
			};
			buildConfigurationList = 731D62B5288EFFDD00810203 /* Build configuration list for PBXProject "CupcakeCorner" */;
			compatibilityVersion = "Xcode 13.0";
			developmentRegion = en;
			hasScannedForEncodings = 0;
			knownRegions = (
				en,
				Base,
			);
			mainGroup = 731D62B1288EFFDD00810203;
			productRefGroup = 731D62BB288EFFDD00810203 /* Products */;
			projectDirPath = "";
			projectRoot = "";
			targets = (
				731D62B9288EFFDD00810203 /* CupcakeCorner */,
				731D62C9288EFFDD00810203 /* CupcakeCornerTests */,
				731D62D3288EFFDE00810203 /* CupcakeCornerUITests */,
			);
		};
/* End PBXProject section */

/* Begin PBXResourcesBuildPhase section */
		731D62B8288EFFDD00810203 /* Resources */ = {
			isa = PBXResourcesBuildPhase;
			buildActionMask = 2147483647;
			files = (
				731D62C5288EFFDD00810203 /* Preview Assets.xcassets in Resources */,
				731D62C2288EFFDD00810203 /* Assets.xcassets in Resources */,
			);
			runOnlyForDeploymentPostprocessing = 0;
		};
		731D62C8288EFFDD00810203 /* Resources */ = {
			isa = PBXResourcesBuildPhase;
			buildActionMask = 2147483647;
			files = (
			);
			runOnlyForDeploymentPostprocessing = 0;
		};
		731D62D2288EFFDE00810203 /* Resources */ = {
			isa = PBXResourcesBuildPhase;
			buildActionMask = 2147483647;
			files = (
			);
			runOnlyForDeploymentPostprocessing = 0;
		};
/* End PBXResourcesBuildPhase section */

/* Begin PBXSourcesBuildPhase section */
		731D62B6288EFFDD00810203 /* Sources */ = {
			isa = PBXSourcesBuildPhase;
			buildActionMask = 2147483647;
			files = (
				731D62E8288F005400810203 /* Order.swift in Sources */,
				73D938C4288F04D800FA72F7 /* AddressView.swift in Sources */,
				73D938C6288F3EBB00FA72F7 /* CheckoutView.swift in Sources */,
				731D62C0288EFFDD00810203 /* ContentView.swift in Sources */,
				731D62BE288EFFDD00810203 /* CupcakeCornerApp.swift in Sources */,
			);
			runOnlyForDeploymentPostprocessing = 0;
		};
		731D62C6288EFFDD00810203 /* Sources */ = {
			isa = PBXSourcesBuildPhase;
			buildActionMask = 2147483647;
			files = (
				731D62CF288EFFDD00810203 /* CupcakeCornerTests.swift in Sources */,
			);
			runOnlyForDeploymentPostprocessing = 0;
		};
		731D62D0288EFFDE00810203 /* Sources */ = {
			isa = PBXSourcesBuildPhase;
			buildActionMask = 2147483647;
			files = (
				731D62DB288EFFDE00810203 /* CupcakeCornerUITestsLaunchTests.swift in Sources */,
				731D62D9288EFFDE00810203 /* CupcakeCornerUITests.swift in Sources */,
			);
			runOnlyForDeploymentPostprocessing = 0;
		};
/* End PBXSourcesBuildPhase section */

/* Begin PBXTargetDependency section */
		731D62CC288EFFDD00810203 /* PBXTargetDependency */ = {
			isa = PBXTargetDependency;
			target = 731D62B9288EFFDD00810203 /* CupcakeCorner */;
			targetProxy = 731D62CB288EFFDD00810203 /* PBXContainerItemProxy */;
		};
		731D62D6288EFFDE00810203 /* PBXTargetDependency */ = {
			isa = PBXTargetDependency;
			target = 731D62B9288EFFDD00810203 /* CupcakeCorner */;
			targetProxy = 731D62D5288EFFDE00810203 /* PBXContainerItemProxy */;
		};
/* End PBXTargetDependency section */

/* Begin XCBuildConfiguration section */
		731D62DC288EFFDE00810203 /* Debug */ = {
			isa = XCBuildConfiguration;
			buildSettings = {
				ALWAYS_SEARCH_USER_PATHS = NO;
				CLANG_ANALYZER_NONNULL = YES;
				CLANG_ANALYZER_NUMBER_OBJECT_CONVERSION = YES_AGGRESSIVE;
				CLANG_CXX_LANGUAGE_STANDARD = "gnu++17";
				CLANG_ENABLE_MODULES = YES;
				CLANG_ENABLE_OBJC_ARC = YES;
				CLANG_ENABLE_OBJC_WEAK = YES;
				CLANG_WARN_BLOCK_CAPTURE_AUTORELEASING = YES;
				CLANG_WARN_BOOL_CONVERSION = YES;
				CLANG_WARN_COMMA = YES;
				CLANG_WARN_CONSTANT_CONVERSION = YES;
				CLANG_WARN_DEPRECATED_OBJC_IMPLEMENTATIONS = YES;
				CLANG_WARN_DIRECT_OBJC_ISA_USAGE = YES_ERROR;
				CLANG_WARN_DOCUMENTATION_COMMENTS = YES;
				CLANG_WARN_EMPTY_BODY = YES;
				CLANG_WARN_ENUM_CONVERSION = YES;
				CLANG_WARN_INFINITE_RECURSION = YES;
				CLANG_WARN_INT_CONVERSION = YES;
				CLANG_WARN_NON_LITERAL_NULL_CONVERSION = YES;
				CLANG_WARN_OBJC_IMPLICIT_RETAIN_SELF = YES;
				CLANG_WARN_OBJC_LITERAL_CONVERSION = YES;
				CLANG_WARN_OBJC_ROOT_CLASS = YES_ERROR;
				CLANG_WARN_QUOTED_INCLUDE_IN_FRAMEWORK_HEADER = YES;
				CLANG_WARN_RANGE_LOOP_ANALYSIS = YES;
				CLANG_WARN_STRICT_PROTOTYPES = YES;
				CLANG_WARN_SUSPICIOUS_MOVE = YES;
				CLANG_WARN_UNGUARDED_AVAILABILITY = YES_AGGRESSIVE;
				CLANG_WARN_UNREACHABLE_CODE = YES;
				CLANG_WARN__DUPLICATE_METHOD_MATCH = YES;
				COPY_PHASE_STRIP = NO;
				DEBUG_INFORMATION_FORMAT = dwarf;
				ENABLE_STRICT_OBJC_MSGSEND = YES;
				ENABLE_TESTABILITY = YES;
				GCC_C_LANGUAGE_STANDARD = gnu11;
				GCC_DYNAMIC_NO_PIC = NO;
				GCC_NO_COMMON_BLOCKS = YES;
				GCC_OPTIMIZATION_LEVEL = 0;
				GCC_PREPROCESSOR_DEFINITIONS = (
					"DEBUG=1",
					"$(inherited)",
				);
				GCC_WARN_64_TO_32_BIT_CONVERSION = YES;
				GCC_WARN_ABOUT_RETURN_TYPE = YES_ERROR;
				GCC_WARN_UNDECLARED_SELECTOR = YES;
				GCC_WARN_UNINITIALIZED_AUTOS = YES_AGGRESSIVE;
				GCC_WARN_UNUSED_FUNCTION = YES;
				GCC_WARN_UNUSED_VARIABLE = YES;
				IPHONEOS_DEPLOYMENT_TARGET = 15.4;
				MTL_ENABLE_DEBUG_INFO = INCLUDE_SOURCE;
				MTL_FAST_MATH = YES;
				ONLY_ACTIVE_ARCH = YES;
				SDKROOT = iphoneos;
				SWIFT_ACTIVE_COMPILATION_CONDITIONS = DEBUG;
				SWIFT_OPTIMIZATION_LEVEL = "-Onone";
			};
			name = Debug;
		};
		731D62DD288EFFDE00810203 /* Release */ = {
			isa = XCBuildConfiguration;
			buildSettings = {
				ALWAYS_SEARCH_USER_PATHS = NO;
				CLANG_ANALYZER_NONNULL = YES;
				CLANG_ANALYZER_NUMBER_OBJECT_CONVERSION = YES_AGGRESSIVE;
				CLANG_CXX_LANGUAGE_STANDARD = "gnu++17";
				CLANG_ENABLE_MODULES = YES;
				CLANG_ENABLE_OBJC_ARC = YES;
				CLANG_ENABLE_OBJC_WEAK = YES;
				CLANG_WARN_BLOCK_CAPTURE_AUTORELEASING = YES;
				CLANG_WARN_BOOL_CONVERSION = YES;
				CLANG_WARN_COMMA = YES;
				CLANG_WARN_CONSTANT_CONVERSION = YES;
				CLANG_WARN_DEPRECATED_OBJC_IMPLEMENTATIONS = YES;
				CLANG_WARN_DIRECT_OBJC_ISA_USAGE = YES_ERROR;
				CLANG_WARN_DOCUMENTATION_COMMENTS = YES;
				CLANG_WARN_EMPTY_BODY = YES;
				CLANG_WARN_ENUM_CONVERSION = YES;
				CLANG_WARN_INFINITE_RECURSION = YES;
				CLANG_WARN_INT_CONVERSION = YES;
				CLANG_WARN_NON_LITERAL_NULL_CONVERSION = YES;
				CLANG_WARN_OBJC_IMPLICIT_RETAIN_SELF = YES;
				CLANG_WARN_OBJC_LITERAL_CONVERSION = YES;
				CLANG_WARN_OBJC_ROOT_CLASS = YES_ERROR;
				CLANG_WARN_QUOTED_INCLUDE_IN_FRAMEWORK_HEADER = YES;
				CLANG_WARN_RANGE_LOOP_ANALYSIS = YES;
				CLANG_WARN_STRICT_PROTOTYPES = YES;
				CLANG_WARN_SUSPICIOUS_MOVE = YES;
				CLANG_WARN_UNGUARDED_AVAILABILITY = YES_AGGRESSIVE;
				CLANG_WARN_UNREACHABLE_CODE = YES;
				CLANG_WARN__DUPLICATE_METHOD_MATCH = YES;
				COPY_PHASE_STRIP = NO;
				DEBUG_INFORMATION_FORMAT = "dwarf-with-dsym";
				ENABLE_NS_ASSERTIONS = NO;
				ENABLE_STRICT_OBJC_MSGSEND = YES;
				GCC_C_LANGUAGE_STANDARD = gnu11;
				GCC_NO_COMMON_BLOCKS = YES;
				GCC_WARN_64_TO_32_BIT_CONVERSION = YES;
				GCC_WARN_ABOUT_RETURN_TYPE = YES_ERROR;
				GCC_WARN_UNDECLARED_SELECTOR = YES;
				GCC_WARN_UNINITIALIZED_AUTOS = YES_AGGRESSIVE;
				GCC_WARN_UNUSED_FUNCTION = YES;
				GCC_WARN_UNUSED_VARIABLE = YES;
				IPHONEOS_DEPLOYMENT_TARGET = 15.4;
				MTL_ENABLE_DEBUG_INFO = NO;
				MTL_FAST_MATH = YES;
				SDKROOT = iphoneos;
				SWIFT_COMPILATION_MODE = wholemodule;
				SWIFT_OPTIMIZATION_LEVEL = "-O";
				VALIDATE_PRODUCT = YES;
			};
			name = Release;
		};
		731D62DF288EFFDE00810203 /* Debug */ = {
			isa = XCBuildConfiguration;
			buildSettings = {
				ASSETCATALOG_COMPILER_APPICON_NAME = AppIcon;
				ASSETCATALOG_COMPILER_GLOBAL_ACCENT_COLOR_NAME = AccentColor;
				CODE_SIGN_STYLE = Automatic;
				CURRENT_PROJECT_VERSION = 1;
				DEVELOPMENT_ASSET_PATHS = "\"CupcakeCorner/Preview Content\"";
				ENABLE_PREVIEWS = YES;
				GENERATE_INFOPLIST_FILE = YES;
				INFOPLIST_KEY_UIApplicationSceneManifest_Generation = YES;
				INFOPLIST_KEY_UIApplicationSupportsIndirectInputEvents = YES;
				INFOPLIST_KEY_UILaunchScreen_Generation = YES;
				INFOPLIST_KEY_UISupportedInterfaceOrientations_iPad = "UIInterfaceOrientationPortrait UIInterfaceOrientationPortraitUpsideDown UIInterfaceOrientationLandscapeLeft UIInterfaceOrientationLandscapeRight";
				INFOPLIST_KEY_UISupportedInterfaceOrientations_iPhone = "UIInterfaceOrientationPortrait UIInterfaceOrientationLandscapeLeft UIInterfaceOrientationLandscapeRight";
				LD_RUNPATH_SEARCH_PATHS = (
					"$(inherited)",
					"@executable_path/Frameworks",
				);
				MARKETING_VERSION = 1.0;
				PRODUCT_BUNDLE_IDENTIFIER = Lol.CupcakeCorner;
				PRODUCT_NAME = "$(TARGET_NAME)";
				SWIFT_EMIT_LOC_STRINGS = YES;
				SWIFT_VERSION = 5.0;
				TARGETED_DEVICE_FAMILY = "1,2";
			};
			name = Debug;
		};
		731D62E0288EFFDE00810203 /* Release */ = {
			isa = XCBuildConfiguration;
			buildSettings = {
				ASSETCATALOG_COMPILER_APPICON_NAME = AppIcon;
				ASSETCATALOG_COMPILER_GLOBAL_ACCENT_COLOR_NAME = AccentColor;
				CODE_SIGN_STYLE = Automatic;
				CURRENT_PROJECT_VERSION = 1;
				DEVELOPMENT_ASSET_PATHS = "\"CupcakeCorner/Preview Content\"";
				ENABLE_PREVIEWS = YES;
				GENERATE_INFOPLIST_FILE = YES;
				INFOPLIST_KEY_UIApplicationSceneManifest_Generation = YES;
				INFOPLIST_KEY_UIApplicationSupportsIndirectInputEvents = YES;
				INFOPLIST_KEY_UILaunchScreen_Generation = YES;
				INFOPLIST_KEY_UISupportedInterfaceOrientations_iPad = "UIInterfaceOrientationPortrait UIInterfaceOrientationPortraitUpsideDown UIInterfaceOrientationLandscapeLeft UIInterfaceOrientationLandscapeRight";
				INFOPLIST_KEY_UISupportedInterfaceOrientations_iPhone = "UIInterfaceOrientationPortrait UIInterfaceOrientationLandscapeLeft UIInterfaceOrientationLandscapeRight";
				LD_RUNPATH_SEARCH_PATHS = (
					"$(inherited)",
					"@executable_path/Frameworks",
				);
				MARKETING_VERSION = 1.0;
				PRODUCT_BUNDLE_IDENTIFIER = Lol.CupcakeCorner;
				PRODUCT_NAME = "$(TARGET_NAME)";
				SWIFT_EMIT_LOC_STRINGS = YES;
				SWIFT_VERSION = 5.0;
				TARGETED_DEVICE_FAMILY = "1,2";
			};
			name = Release;
		};
		731D62E2288EFFDE00810203 /* Debug */ = {
			isa = XCBuildConfiguration;
			buildSettings = {
				ALWAYS_EMBED_SWIFT_STANDARD_LIBRARIES = YES;
				BUNDLE_LOADER = "$(TEST_HOST)";
				CODE_SIGN_STYLE = Automatic;
				CURRENT_PROJECT_VERSION = 1;
				GENERATE_INFOPLIST_FILE = YES;
				IPHONEOS_DEPLOYMENT_TARGET = 15.4;
				MARKETING_VERSION = 1.0;
				PRODUCT_BUNDLE_IDENTIFIER = Lol.CupcakeCornerTests;
				PRODUCT_NAME = "$(TARGET_NAME)";
				SWIFT_EMIT_LOC_STRINGS = NO;
				SWIFT_VERSION = 5.0;
				TARGETED_DEVICE_FAMILY = "1,2";
				TEST_HOST = "$(BUILT_PRODUCTS_DIR)/CupcakeCorner.app/CupcakeCorner";
			};
			name = Debug;
		};
		731D62E3288EFFDE00810203 /* Release */ = {
			isa = XCBuildConfiguration;
			buildSettings = {
				ALWAYS_EMBED_SWIFT_STANDARD_LIBRARIES = YES;
				BUNDLE_LOADER = "$(TEST_HOST)";
				CODE_SIGN_STYLE = Automatic;
				CURRENT_PROJECT_VERSION = 1;
				GENERATE_INFOPLIST_FILE = YES;
				IPHONEOS_DEPLOYMENT_TARGET = 15.4;
				MARKETING_VERSION = 1.0;
				PRODUCT_BUNDLE_IDENTIFIER = Lol.CupcakeCornerTests;
				PRODUCT_NAME = "$(TARGET_NAME)";
				SWIFT_EMIT_LOC_STRINGS = NO;
				SWIFT_VERSION = 5.0;
				TARGETED_DEVICE_FAMILY = "1,2";
				TEST_HOST = "$(BUILT_PRODUCTS_DIR)/CupcakeCorner.app/CupcakeCorner";
			};
			name = Release;
		};
		731D62E5288EFFDE00810203 /* Debug */ = {
			isa = XCBuildConfiguration;
			buildSettings = {
				ALWAYS_EMBED_SWIFT_STANDARD_LIBRARIES = YES;
				CODE_SIGN_STYLE = Automatic;
				CURRENT_PROJECT_VERSION = 1;
				GENERATE_INFOPLIST_FILE = YES;
				MARKETING_VERSION = 1.0;
				PRODUCT_BUNDLE_IDENTIFIER = Lol.CupcakeCornerUITests;
				PRODUCT_NAME = "$(TARGET_NAME)";
				SWIFT_EMIT_LOC_STRINGS = NO;
				SWIFT_VERSION = 5.0;
				TARGETED_DEVICE_FAMILY = "1,2";
				TEST_TARGET_NAME = CupcakeCorner;
			};
			name = Debug;
		};
		731D62E6288EFFDE00810203 /* Release */ = {
			isa = XCBuildConfiguration;
			buildSettings = {
				ALWAYS_EMBED_SWIFT_STANDARD_LIBRARIES = YES;
				CODE_SIGN_STYLE = Automatic;
				CURRENT_PROJECT_VERSION = 1;
				GENERATE_INFOPLIST_FILE = YES;
				MARKETING_VERSION = 1.0;
				PRODUCT_BUNDLE_IDENTIFIER = Lol.CupcakeCornerUITests;
				PRODUCT_NAME = "$(TARGET_NAME)";
				SWIFT_EMIT_LOC_STRINGS = NO;
				SWIFT_VERSION = 5.0;
				TARGETED_DEVICE_FAMILY = "1,2";
				TEST_TARGET_NAME = CupcakeCorner;
			};
			name = Release;
		};
/* End XCBuildConfiguration section */

/* Begin XCConfigurationList section */
		731D62B5288EFFDD00810203 /* Build configuration list for PBXProject "CupcakeCorner" */ = {
			isa = XCConfigurationList;
			buildConfigurations = (
				731D62DC288EFFDE00810203 /* Debug */,
				731D62DD288EFFDE00810203 /* Release */,
			);
			defaultConfigurationIsVisible = 0;
			defaultConfigurationName = Release;
		};
		731D62DE288EFFDE00810203 /* Build configuration list for PBXNativeTarget "CupcakeCorner" */ = {
			isa = XCConfigurationList;
			buildConfigurations = (
				731D62DF288EFFDE00810203 /* Debug */,
				731D62E0288EFFDE00810203 /* Release */,
			);
			defaultConfigurationIsVisible = 0;
			defaultConfigurationName = Release;
		};
		731D62E1288EFFDE00810203 /* Build configuration list for PBXNativeTarget "CupcakeCornerTests" */ = {
			isa = XCConfigurationList;
			buildConfigurations = (
				731D62E2288EFFDE00810203 /* Debug */,
				731D62E3288EFFDE00810203 /* Release */,
			);
			defaultConfigurationIsVisible = 0;
			defaultConfigurationName = Release;
		};
		731D62E4288EFFDE00810203 /* Build configuration list for PBXNativeTarget "CupcakeCornerUITests" */ = {
			isa = XCConfigurationList;
			buildConfigurations = (
				731D62E5288EFFDE00810203 /* Debug */,
				731D62E6288EFFDE00810203 /* Release */,
			);
			defaultConfigurationIsVisible = 0;
			defaultConfigurationName = Release;
		};
/* End XCConfigurationList section */
	};
	rootObject = 731D62B2288EFFDD00810203 /* Project object */;
}
