// !$*UTF8*$!
{
	archiveVersion = 1;
	classes = {
	};
	objectVersion = 55;
	objects = {

/* Begin PBXBuildFile section */
		734051B72890867000215B19 /* RatingView.swift in Sources */ = {isa = PBXBuildFile; fileRef = 734051B62890867000215B19 /* RatingView.swift */; };
		734051B92890887500215B19 /* EmojiRatingView.swift in Sources */ = {isa = PBXBuildFile; fileRef = 734051B82890887500215B19 /* EmojiRatingView.swift */; };
		734051BB28911AC300215B19 /* DetailView.swift in Sources */ = {isa = PBXBuildFile; fileRef = 734051BA28911AC300215B19 /* DetailView.swift */; };
		735F012C28907E3E00345FEE /* BookwormApp.swift in Sources */ = {isa = PBXBuildFile; fileRef = 735F012B28907E3E00345FEE /* BookwormApp.swift */; };
		735F012E28907E3E00345FEE /* ContentView.swift in Sources */ = {isa = PBXBuildFile; fileRef = 735F012D28907E3E00345FEE /* ContentView.swift */; };
		735F013028907E4000345FEE /* Assets.xcassets in Resources */ = {isa = PBXBuildFile; fileRef = 735F012F28907E4000345FEE /* Assets.xcassets */; };
		735F013328907E4000345FEE /* Preview Assets.xcassets in Resources */ = {isa = PBXBuildFile; fileRef = 735F013228907E4000345FEE /* Preview Assets.xcassets */; };
		735F013D28907E4000345FEE /* BookwormTests.swift in Sources */ = {isa = PBXBuildFile; fileRef = 735F013C28907E4000345FEE /* BookwormTests.swift */; };
		735F014728907E4000345FEE /* BookwormUITests.swift in Sources */ = {isa = PBXBuildFile; fileRef = 735F014628907E4000345FEE /* BookwormUITests.swift */; };
		735F014928907E4000345FEE /* BookwormUITestsLaunchTests.swift in Sources */ = {isa = PBXBuildFile; fileRef = 735F014828907E4000345FEE /* BookwormUITestsLaunchTests.swift */; };
		735F015728907EC300345FEE /* Bookworm.xcdatamodeld in Sources */ = {isa = PBXBuildFile; fileRef = 735F015528907EC300345FEE /* Bookworm.xcdatamodeld */; };
		735F015928907EDF00345FEE /* DataController.swift in Sources */ = {isa = PBXBuildFile; fileRef = 735F015828907EDF00345FEE /* DataController.swift */; };
		735F015B28907FDD00345FEE /* AddBookView.swift in Sources */ = {isa = PBXBuildFile; fileRef = 735F015A28907FDD00345FEE /* AddBookView.swift */; };
/* End PBXBuildFile section */

/* Begin PBXContainerItemProxy section */
		735F013928907E4000345FEE /* PBXContainerItemProxy */ = {
			isa = PBXContainerItemProxy;
			containerPortal = 735F012028907E3E00345FEE /* Project object */;
			proxyType = 1;
			remoteGlobalIDString = 735F012728907E3E00345FEE;
			remoteInfo = Bookworm;
		};
		735F014328907E4000345FEE /* PBXContainerItemProxy */ = {
			isa = PBXContainerItemProxy;
			containerPortal = 735F012028907E3E00345FEE /* Project object */;
			proxyType = 1;
			remoteGlobalIDString = 735F012728907E3E00345FEE;
			remoteInfo = Bookworm;
		};
/* End PBXContainerItemProxy section */

/* Begin PBXFileReference section */
		734051B62890867000215B19 /* RatingView.swift */ = {isa = PBXFileReference; lastKnownFileType = sourcecode.swift; path = RatingView.swift; sourceTree = "<group>"; };
		734051B82890887500215B19 /* EmojiRatingView.swift */ = {isa = PBXFileReference; lastKnownFileType = sourcecode.swift; path = EmojiRatingView.swift; sourceTree = "<group>"; };
		734051BA28911AC300215B19 /* DetailView.swift */ = {isa = PBXFileReference; lastKnownFileType = sourcecode.swift; path = DetailView.swift; sourceTree = "<group>"; };
		735F012828907E3E00345FEE /* Bookworm.app */ = {isa = PBXFileReference; explicitFileType = wrapper.application; includeInIndex = 0; path = Bookworm.app; sourceTree = BUILT_PRODUCTS_DIR; };
		735F012B28907E3E00345FEE /* BookwormApp.swift */ = {isa = PBXFileReference; lastKnownFileType = sourcecode.swift; path = BookwormApp.swift; sourceTree = "<group>"; };
		735F012D28907E3E00345FEE /* ContentView.swift */ = {isa = PBXFileReference; lastKnownFileType = sourcecode.swift; path = ContentView.swift; sourceTree = "<group>"; };
		735F012F28907E4000345FEE /* Assets.xcassets */ = {isa = PBXFileReference; lastKnownFileType = folder.assetcatalog; path = Assets.xcassets; sourceTree = "<group>"; };
		735F013228907E4000345FEE /* Preview Assets.xcassets */ = {isa = PBXFileReference; lastKnownFileType = folder.assetcatalog; path = "Preview Assets.xcassets"; sourceTree = "<group>"; };
		735F013828907E4000345FEE /* BookwormTests.xctest */ = {isa = PBXFileReference; explicitFileType = wrapper.cfbundle; includeInIndex = 0; path = BookwormTests.xctest; sourceTree = BUILT_PRODUCTS_DIR; };
		735F013C28907E4000345FEE /* BookwormTests.swift */ = {isa = PBXFileReference; lastKnownFileType = sourcecode.swift; path = BookwormTests.swift; sourceTree = "<group>"; };
		735F014228907E4000345FEE /* BookwormUITests.xctest */ = {isa = PBXFileReference; explicitFileType = wrapper.cfbundle; includeInIndex = 0; path = BookwormUITests.xctest; sourceTree = BUILT_PRODUCTS_DIR; };
		735F014628907E4000345FEE /* BookwormUITests.swift */ = {isa = PBXFileReference; lastKnownFileType = sourcecode.swift; path = BookwormUITests.swift; sourceTree = "<group>"; };
		735F014828907E4000345FEE /* BookwormUITestsLaunchTests.swift */ = {isa = PBXFileReference; lastKnownFileType = sourcecode.swift; path = BookwormUITestsLaunchTests.swift; sourceTree = "<group>"; };
		735F015628907EC300345FEE /* Bookworm.xcdatamodel */ = {isa = PBXFileReference; lastKnownFileType = wrapper.xcdatamodel; path = Bookworm.xcdatamodel; sourceTree = "<group>"; };
		735F015828907EDF00345FEE /* DataController.swift */ = {isa = PBXFileReference; lastKnownFileType = sourcecode.swift; path = DataController.swift; sourceTree = "<group>"; };
		735F015A28907FDD00345FEE /* AddBookView.swift */ = {isa = PBXFileReference; lastKnownFileType = sourcecode.swift; path = AddBookView.swift; sourceTree = "<group>"; };
/* End PBXFileReference section */

/* Begin PBXFrameworksBuildPhase section */
		735F012528907E3E00345FEE /* Frameworks */ = {
			isa = PBXFrameworksBuildPhase;
			buildActionMask = 2147483647;
			files = (
			);
			runOnlyForDeploymentPostprocessing = 0;
		};
		735F013528907E4000345FEE /* Frameworks */ = {
			isa = PBXFrameworksBuildPhase;
			buildActionMask = 2147483647;
			files = (
			);
			runOnlyForDeploymentPostprocessing = 0;
		};
		735F013F28907E4000345FEE /* Frameworks */ = {
			isa = PBXFrameworksBuildPhase;
			buildActionMask = 2147483647;
			files = (
			);
			runOnlyForDeploymentPostprocessing = 0;
		};
/* End PBXFrameworksBuildPhase section */

/* Begin PBXGroup section */
		734051BC2891260000215B19 /* View */ = {
			isa = PBXGroup;
			children = (
				735F012D28907E3E00345FEE /* ContentView.swift */,
				735F015A28907FDD00345FEE /* AddBookView.swift */,
				734051B62890867000215B19 /* RatingView.swift */,
				734051B82890887500215B19 /* EmojiRatingView.swift */,
				734051BA28911AC300215B19 /* DetailView.swift */,
			);
			path = View;
			sourceTree = "<group>";
		};
		734051BD2891261F00215B19 /* DataBaseAndControll */ = {
			isa = PBXGroup;
			children = (
				735F015528907EC300345FEE /* Bookworm.xcdatamodeld */,
				735F015828907EDF00345FEE /* DataController.swift */,
			);
			path = DataBaseAndControll;
			sourceTree = "<group>";
		};
		735F011F28907E3E00345FEE = {
			isa = PBXGroup;
			children = (
				735F012A28907E3E00345FEE /* Bookworm */,
				735F013B28907E4000345FEE /* BookwormTests */,
				735F014528907E4000345FEE /* BookwormUITests */,
				735F012928907E3E00345FEE /* Products */,
			);
			sourceTree = "<group>";
		};
		735F012928907E3E00345FEE /* Products */ = {
			isa = PBXGroup;
			children = (
				735F012828907E3E00345FEE /* Bookworm.app */,
				735F013828907E4000345FEE /* BookwormTests.xctest */,
				735F014228907E4000345FEE /* BookwormUITests.xctest */,
			);
			name = Products;
			sourceTree = "<group>";
		};
		735F012A28907E3E00345FEE /* Bookworm */ = {
			isa = PBXGroup;
			children = (
				735F012B28907E3E00345FEE /* BookwormApp.swift */,
				734051BC2891260000215B19 /* View */,
				734051BD2891261F00215B19 /* DataBaseAndControll */,
				735F012F28907E4000345FEE /* Assets.xcassets */,
				735F013128907E4000345FEE /* Preview Content */,
			);
			path = Bookworm;
			sourceTree = "<group>";
		};
		735F013128907E4000345FEE /* Preview Content */ = {
			isa = PBXGroup;
			children = (
				735F013228907E4000345FEE /* Preview Assets.xcassets */,
			);
			path = "Preview Content";
			sourceTree = "<group>";
		};
		735F013B28907E4000345FEE /* BookwormTests */ = {
			isa = PBXGroup;
			children = (
				735F013C28907E4000345FEE /* BookwormTests.swift */,
			);
			path = BookwormTests;
			sourceTree = "<group>";
		};
		735F014528907E4000345FEE /* BookwormUITests */ = {
			isa = PBXGroup;
			children = (
				735F014628907E4000345FEE /* BookwormUITests.swift */,
				735F014828907E4000345FEE /* BookwormUITestsLaunchTests.swift */,
			);
			path = BookwormUITests;
			sourceTree = "<group>";
		};
/* End PBXGroup section */

/* Begin PBXNativeTarget section */
		735F012728907E3E00345FEE /* Bookworm */ = {
			isa = PBXNativeTarget;
			buildConfigurationList = 735F014C28907E4000345FEE /* Build configuration list for PBXNativeTarget "Bookworm" */;
			buildPhases = (
				735F012428907E3E00345FEE /* Sources */,
				735F012528907E3E00345FEE /* Frameworks */,
				735F012628907E3E00345FEE /* Resources */,
			);
			buildRules = (
			);
			dependencies = (
			);
			name = Bookworm;
			productName = Bookworm;
			productReference = 735F012828907E3E00345FEE /* Bookworm.app */;
			productType = "com.apple.product-type.application";
		};
		735F013728907E4000345FEE /* BookwormTests */ = {
			isa = PBXNativeTarget;
			buildConfigurationList = 735F014F28907E4000345FEE /* Build configuration list for PBXNativeTarget "BookwormTests" */;
			buildPhases = (
				735F013428907E4000345FEE /* Sources */,
				735F013528907E4000345FEE /* Frameworks */,
				735F013628907E4000345FEE /* Resources */,
			);
			buildRules = (
			);
			dependencies = (
				735F013A28907E4000345FEE /* PBXTargetDependency */,
			);
			name = BookwormTests;
			productName = BookwormTests;
			productReference = 735F013828907E4000345FEE /* BookwormTests.xctest */;
			productType = "com.apple.product-type.bundle.unit-test";
		};
		735F014128907E4000345FEE /* BookwormUITests */ = {
			isa = PBXNativeTarget;
			buildConfigurationList = 735F015228907E4000345FEE /* Build configuration list for PBXNativeTarget "BookwormUITests" */;
			buildPhases = (
				735F013E28907E4000345FEE /* Sources */,
				735F013F28907E4000345FEE /* Frameworks */,
				735F014028907E4000345FEE /* Resources */,
			);
			buildRules = (
			);
			dependencies = (
				735F014428907E4000345FEE /* PBXTargetDependency */,
			);
			name = BookwormUITests;
			productName = BookwormUITests;
			productReference = 735F014228907E4000345FEE /* BookwormUITests.xctest */;
			productType = "com.apple.product-type.bundle.ui-testing";
		};
/* End PBXNativeTarget section */

/* Begin PBXProject section */
		735F012028907E3E00345FEE /* Project object */ = {
			isa = PBXProject;
			attributes = {
				BuildIndependentTargetsInParallel = 1;
				LastSwiftUpdateCheck = 1330;
				LastUpgradeCheck = 1330;
				TargetAttributes = {
					735F012728907E3E00345FEE = {
						CreatedOnToolsVersion = 13.3.1;
					};
					735F013728907E4000345FEE = {
						CreatedOnToolsVersion = 13.3.1;
						TestTargetID = 735F012728907E3E00345FEE;
					};
					735F014128907E4000345FEE = {
						CreatedOnToolsVersion = 13.3.1;
						TestTargetID = 735F012728907E3E00345FEE;
					};
				};
			};
			buildConfigurationList = 735F012328907E3E00345FEE /* Build configuration list for PBXProject "Bookworm" */;
			compatibilityVersion = "Xcode 13.0";
			developmentRegion = en;
			hasScannedForEncodings = 0;
			knownRegions = (
				en,
				Base,
			);
			mainGroup = 735F011F28907E3E00345FEE;
			productRefGroup = 735F012928907E3E00345FEE /* Products */;
			projectDirPath = "";
			projectRoot = "";
			targets = (
				735F012728907E3E00345FEE /* Bookworm */,
				735F013728907E4000345FEE /* BookwormTests */,
				735F014128907E4000345FEE /* BookwormUITests */,
			);
		};
/* End PBXProject section */

/* Begin PBXResourcesBuildPhase section */
		735F012628907E3E00345FEE /* Resources */ = {
			isa = PBXResourcesBuildPhase;
			buildActionMask = 2147483647;
			files = (
				735F013328907E4000345FEE /* Preview Assets.xcassets in Resources */,
				735F013028907E4000345FEE /* Assets.xcassets in Resources */,
			);
			runOnlyForDeploymentPostprocessing = 0;
		};
		735F013628907E4000345FEE /* Resources */ = {
			isa = PBXResourcesBuildPhase;
			buildActionMask = 2147483647;
			files = (
			);
			runOnlyForDeploymentPostprocessing = 0;
		};
		735F014028907E4000345FEE /* Resources */ = {
			isa = PBXResourcesBuildPhase;
			buildActionMask = 2147483647;
			files = (
			);
			runOnlyForDeploymentPostprocessing = 0;
		};
/* End PBXResourcesBuildPhase section */

/* Begin PBXSourcesBuildPhase section */
		735F012428907E3E00345FEE /* Sources */ = {
			isa = PBXSourcesBuildPhase;
			buildActionMask = 2147483647;
			files = (
				735F012E28907E3E00345FEE /* ContentView.swift in Sources */,
				734051BB28911AC300215B19 /* DetailView.swift in Sources */,
				735F015928907EDF00345FEE /* DataController.swift in Sources */,
				734051B92890887500215B19 /* EmojiRatingView.swift in Sources */,
				735F015728907EC300345FEE /* Bookworm.xcdatamodeld in Sources */,
				734051B72890867000215B19 /* RatingView.swift in Sources */,
				735F012C28907E3E00345FEE /* BookwormApp.swift in Sources */,
				735F015B28907FDD00345FEE /* AddBookView.swift in Sources */,
			);
			runOnlyForDeploymentPostprocessing = 0;
		};
		735F013428907E4000345FEE /* Sources */ = {
			isa = PBXSourcesBuildPhase;
			buildActionMask = 2147483647;
			files = (
				735F013D28907E4000345FEE /* BookwormTests.swift in Sources */,
			);
			runOnlyForDeploymentPostprocessing = 0;
		};
		735F013E28907E4000345FEE /* Sources */ = {
			isa = PBXSourcesBuildPhase;
			buildActionMask = 2147483647;
			files = (
				735F014928907E4000345FEE /* BookwormUITestsLaunchTests.swift in Sources */,
				735F014728907E4000345FEE /* BookwormUITests.swift in Sources */,
			);
			runOnlyForDeploymentPostprocessing = 0;
		};
/* End PBXSourcesBuildPhase section */

/* Begin PBXTargetDependency section */
		735F013A28907E4000345FEE /* PBXTargetDependency */ = {
			isa = PBXTargetDependency;
			target = 735F012728907E3E00345FEE /* Bookworm */;
			targetProxy = 735F013928907E4000345FEE /* PBXContainerItemProxy */;
		};
		735F014428907E4000345FEE /* PBXTargetDependency */ = {
			isa = PBXTargetDependency;
			target = 735F012728907E3E00345FEE /* Bookworm */;
			targetProxy = 735F014328907E4000345FEE /* PBXContainerItemProxy */;
		};
/* End PBXTargetDependency section */

/* Begin XCBuildConfiguration section */
		735F014A28907E4000345FEE /* Debug */ = {
			isa = XCBuildConfiguration;
			buildSettings = {
				ALWAYS_SEARCH_USER_PATHS = NO;
				CLANG_ANALYZER_NONNULL = YES;
				CLANG_ANALYZER_NUMBER_OBJECT_CONVERSION = YES_AGGRESSIVE;
				CLANG_CXX_LANGUAGE_STANDARD = "gnu++17";
				CLANG_ENABLE_MODULES = YES;
				CLANG_ENABLE_OBJC_ARC = YES;
				CLANG_ENABLE_OBJC_WEAK = YES;
				CLANG_WARN_BLOCK_CAPTURE_AUTORELEASING = YES;
				CLANG_WARN_BOOL_CONVERSION = YES;
				CLANG_WARN_COMMA = YES;
				CLANG_WARN_CONSTANT_CONVERSION = YES;
				CLANG_WARN_DEPRECATED_OBJC_IMPLEMENTATIONS = YES;
				CLANG_WARN_DIRECT_OBJC_ISA_USAGE = YES_ERROR;
				CLANG_WARN_DOCUMENTATION_COMMENTS = YES;
				CLANG_WARN_EMPTY_BODY = YES;
				CLANG_WARN_ENUM_CONVERSION = YES;
				CLANG_WARN_INFINITE_RECURSION = YES;
				CLANG_WARN_INT_CONVERSION = YES;
				CLANG_WARN_NON_LITERAL_NULL_CONVERSION = YES;
				CLANG_WARN_OBJC_IMPLICIT_RETAIN_SELF = YES;
				CLANG_WARN_OBJC_LITERAL_CONVERSION = YES;
				CLANG_WARN_OBJC_ROOT_CLASS = YES_ERROR;
				CLANG_WARN_QUOTED_INCLUDE_IN_FRAMEWORK_HEADER = YES;
				CLANG_WARN_RANGE_LOOP_ANALYSIS = YES;
				CLANG_WARN_STRICT_PROTOTYPES = YES;
				CLANG_WARN_SUSPICIOUS_MOVE = YES;
				CLANG_WARN_UNGUARDED_AVAILABILITY = YES_AGGRESSIVE;
				CLANG_WARN_UNREACHABLE_CODE = YES;
				CLANG_WARN__DUPLICATE_METHOD_MATCH = YES;
				COPY_PHASE_STRIP = NO;
				DEBUG_INFORMATION_FORMAT = dwarf;
				ENABLE_STRICT_OBJC_MSGSEND = YES;
				ENABLE_TESTABILITY = YES;
				GCC_C_LANGUAGE_STANDARD = gnu11;
				GCC_DYNAMIC_NO_PIC = NO;
				GCC_NO_COMMON_BLOCKS = YES;
				GCC_OPTIMIZATION_LEVEL = 0;
				GCC_PREPROCESSOR_DEFINITIONS = (
					"DEBUG=1",
					"$(inherited)",
				);
				GCC_WARN_64_TO_32_BIT_CONVERSION = YES;
				GCC_WARN_ABOUT_RETURN_TYPE = YES_ERROR;
				GCC_WARN_UNDECLARED_SELECTOR = YES;
				GCC_WARN_UNINITIALIZED_AUTOS = YES_AGGRESSIVE;
				GCC_WARN_UNUSED_FUNCTION = YES;
				GCC_WARN_UNUSED_VARIABLE = YES;
				IPHONEOS_DEPLOYMENT_TARGET = 15.4;
				MTL_ENABLE_DEBUG_INFO = INCLUDE_SOURCE;
				MTL_FAST_MATH = YES;
				ONLY_ACTIVE_ARCH = YES;
				SDKROOT = iphoneos;
				SWIFT_ACTIVE_COMPILATION_CONDITIONS = DEBUG;
				SWIFT_OPTIMIZATION_LEVEL = "-Onone";
			};
			name = Debug;
		};
		735F014B28907E4000345FEE /* Release */ = {
			isa = XCBuildConfiguration;
			buildSettings = {
				ALWAYS_SEARCH_USER_PATHS = NO;
				CLANG_ANALYZER_NONNULL = YES;
				CLANG_ANALYZER_NUMBER_OBJECT_CONVERSION = YES_AGGRESSIVE;
				CLANG_CXX_LANGUAGE_STANDARD = "gnu++17";
				CLANG_ENABLE_MODULES = YES;
				CLANG_ENABLE_OBJC_ARC = YES;
				CLANG_ENABLE_OBJC_WEAK = YES;
				CLANG_WARN_BLOCK_CAPTURE_AUTORELEASING = YES;
				CLANG_WARN_BOOL_CONVERSION = YES;
				CLANG_WARN_COMMA = YES;
				CLANG_WARN_CONSTANT_CONVERSION = YES;
				CLANG_WARN_DEPRECATED_OBJC_IMPLEMENTATIONS = YES;
				CLANG_WARN_DIRECT_OBJC_ISA_USAGE = YES_ERROR;
				CLANG_WARN_DOCUMENTATION_COMMENTS = YES;
				CLANG_WARN_EMPTY_BODY = YES;
				CLANG_WARN_ENUM_CONVERSION = YES;
				CLANG_WARN_INFINITE_RECURSION = YES;
				CLANG_WARN_INT_CONVERSION = YES;
				CLANG_WARN_NON_LITERAL_NULL_CONVERSION = YES;
				CLANG_WARN_OBJC_IMPLICIT_RETAIN_SELF = YES;
				CLANG_WARN_OBJC_LITERAL_CONVERSION = YES;
				CLANG_WARN_OBJC_ROOT_CLASS = YES_ERROR;
				CLANG_WARN_QUOTED_INCLUDE_IN_FRAMEWORK_HEADER = YES;
				CLANG_WARN_RANGE_LOOP_ANALYSIS = YES;
				CLANG_WARN_STRICT_PROTOTYPES = YES;
				CLANG_WARN_SUSPICIOUS_MOVE = YES;
				CLANG_WARN_UNGUARDED_AVAILABILITY = YES_AGGRESSIVE;
				CLANG_WARN_UNREACHABLE_CODE = YES;
				CLANG_WARN__DUPLICATE_METHOD_MATCH = YES;
				COPY_PHASE_STRIP = NO;
				DEBUG_INFORMATION_FORMAT = "dwarf-with-dsym";
				ENABLE_NS_ASSERTIONS = NO;
				ENABLE_STRICT_OBJC_MSGSEND = YES;
				GCC_C_LANGUAGE_STANDARD = gnu11;
				GCC_NO_COMMON_BLOCKS = YES;
				GCC_WARN_64_TO_32_BIT_CONVERSION = YES;
				GCC_WARN_ABOUT_RETURN_TYPE = YES_ERROR;
				GCC_WARN_UNDECLARED_SELECTOR = YES;
				GCC_WARN_UNINITIALIZED_AUTOS = YES_AGGRESSIVE;
				GCC_WARN_UNUSED_FUNCTION = YES;
				GCC_WARN_UNUSED_VARIABLE = YES;
				IPHONEOS_DEPLOYMENT_TARGET = 15.4;
				MTL_ENABLE_DEBUG_INFO = NO;
				MTL_FAST_MATH = YES;
				SDKROOT = iphoneos;
				SWIFT_COMPILATION_MODE = wholemodule;
				SWIFT_OPTIMIZATION_LEVEL = "-O";
				VALIDATE_PRODUCT = YES;
			};
			name = Release;
		};
		735F014D28907E4000345FEE /* Debug */ = {
			isa = XCBuildConfiguration;
			buildSettings = {
				ASSETCATALOG_COMPILER_APPICON_NAME = AppIcon;
				ASSETCATALOG_COMPILER_GLOBAL_ACCENT_COLOR_NAME = AccentColor;
				CODE_SIGN_STYLE = Automatic;
				CURRENT_PROJECT_VERSION = 1;
				DEVELOPMENT_ASSET_PATHS = "\"Bookworm/Preview Content\"";
				ENABLE_PREVIEWS = YES;
				GENERATE_INFOPLIST_FILE = YES;
				INFOPLIST_KEY_UIApplicationSceneManifest_Generation = YES;
				INFOPLIST_KEY_UIApplicationSupportsIndirectInputEvents = YES;
				INFOPLIST_KEY_UILaunchScreen_Generation = YES;
				INFOPLIST_KEY_UISupportedInterfaceOrientations_iPad = "UIInterfaceOrientationPortrait UIInterfaceOrientationPortraitUpsideDown UIInterfaceOrientationLandscapeLeft UIInterfaceOrientationLandscapeRight";
				INFOPLIST_KEY_UISupportedInterfaceOrientations_iPhone = "UIInterfaceOrientationPortrait UIInterfaceOrientationLandscapeLeft UIInterfaceOrientationLandscapeRight";
				LD_RUNPATH_SEARCH_PATHS = (
					"$(inherited)",
					"@executable_path/Frameworks",
				);
				MARKETING_VERSION = 1.0;
				PRODUCT_BUNDLE_IDENTIFIER = Lol.Bookworm;
				PRODUCT_NAME = "$(TARGET_NAME)";
				SWIFT_EMIT_LOC_STRINGS = YES;
				SWIFT_VERSION = 5.0;
				TARGETED_DEVICE_FAMILY = "1,2";
			};
			name = Debug;
		};
		735F014E28907E4000345FEE /* Release */ = {
			isa = XCBuildConfiguration;
			buildSettings = {
				ASSETCATALOG_COMPILER_APPICON_NAME = AppIcon;
				ASSETCATALOG_COMPILER_GLOBAL_ACCENT_COLOR_NAME = AccentColor;
				CODE_SIGN_STYLE = Automatic;
				CURRENT_PROJECT_VERSION = 1;
				DEVELOPMENT_ASSET_PATHS = "\"Bookworm/Preview Content\"";
				ENABLE_PREVIEWS = YES;
				GENERATE_INFOPLIST_FILE = YES;
				INFOPLIST_KEY_UIApplicationSceneManifest_Generation = YES;
				INFOPLIST_KEY_UIApplicationSupportsIndirectInputEvents = YES;
				INFOPLIST_KEY_UILaunchScreen_Generation = YES;
				INFOPLIST_KEY_UISupportedInterfaceOrientations_iPad = "UIInterfaceOrientationPortrait UIInterfaceOrientationPortraitUpsideDown UIInterfaceOrientationLandscapeLeft UIInterfaceOrientationLandscapeRight";
				INFOPLIST_KEY_UISupportedInterfaceOrientations_iPhone = "UIInterfaceOrientationPortrait UIInterfaceOrientationLandscapeLeft UIInterfaceOrientationLandscapeRight";
				LD_RUNPATH_SEARCH_PATHS = (
					"$(inherited)",
					"@executable_path/Frameworks",
				);
				MARKETING_VERSION = 1.0;
				PRODUCT_BUNDLE_IDENTIFIER = Lol.Bookworm;
				PRODUCT_NAME = "$(TARGET_NAME)";
				SWIFT_EMIT_LOC_STRINGS = YES;
				SWIFT_VERSION = 5.0;
				TARGETED_DEVICE_FAMILY = "1,2";
			};
			name = Release;
		};
		735F015028907E4000345FEE /* Debug */ = {
			isa = XCBuildConfiguration;
			buildSettings = {
				ALWAYS_EMBED_SWIFT_STANDARD_LIBRARIES = YES;
				BUNDLE_LOADER = "$(TEST_HOST)";
				CODE_SIGN_STYLE = Automatic;
				CURRENT_PROJECT_VERSION = 1;
				GENERATE_INFOPLIST_FILE = YES;
				IPHONEOS_DEPLOYMENT_TARGET = 15.4;
				MARKETING_VERSION = 1.0;
				PRODUCT_BUNDLE_IDENTIFIER = Lol.BookwormTests;
				PRODUCT_NAME = "$(TARGET_NAME)";
				SWIFT_EMIT_LOC_STRINGS = NO;
				SWIFT_VERSION = 5.0;
				TARGETED_DEVICE_FAMILY = "1,2";
				TEST_HOST = "$(BUILT_PRODUCTS_DIR)/Bookworm.app/Bookworm";
			};
			name = Debug;
		};
		735F015128907E4000345FEE /* Release */ = {
			isa = XCBuildConfiguration;
			buildSettings = {
				ALWAYS_EMBED_SWIFT_STANDARD_LIBRARIES = YES;
				BUNDLE_LOADER = "$(TEST_HOST)";
				CODE_SIGN_STYLE = Automatic;
				CURRENT_PROJECT_VERSION = 1;
				GENERATE_INFOPLIST_FILE = YES;
				IPHONEOS_DEPLOYMENT_TARGET = 15.4;
				MARKETING_VERSION = 1.0;
				PRODUCT_BUNDLE_IDENTIFIER = Lol.BookwormTests;
				PRODUCT_NAME = "$(TARGET_NAME)";
				SWIFT_EMIT_LOC_STRINGS = NO;
				SWIFT_VERSION = 5.0;
				TARGETED_DEVICE_FAMILY = "1,2";
				TEST_HOST = "$(BUILT_PRODUCTS_DIR)/Bookworm.app/Bookworm";
			};
			name = Release;
		};
		735F015328907E4000345FEE /* Debug */ = {
			isa = XCBuildConfiguration;
			buildSettings = {
				ALWAYS_EMBED_SWIFT_STANDARD_LIBRARIES = YES;
				CODE_SIGN_STYLE = Automatic;
				CURRENT_PROJECT_VERSION = 1;
				GENERATE_INFOPLIST_FILE = YES;
				MARKETING_VERSION = 1.0;
				PRODUCT_BUNDLE_IDENTIFIER = Lol.BookwormUITests;
				PRODUCT_NAME = "$(TARGET_NAME)";
				SWIFT_EMIT_LOC_STRINGS = NO;
				SWIFT_VERSION = 5.0;
				TARGETED_DEVICE_FAMILY = "1,2";
				TEST_TARGET_NAME = Bookworm;
			};
			name = Debug;
		};
		735F015428907E4000345FEE /* Release */ = {
			isa = XCBuildConfiguration;
			buildSettings = {
				ALWAYS_EMBED_SWIFT_STANDARD_LIBRARIES = YES;
				CODE_SIGN_STYLE = Automatic;
				CURRENT_PROJECT_VERSION = 1;
				GENERATE_INFOPLIST_FILE = YES;
				MARKETING_VERSION = 1.0;
				PRODUCT_BUNDLE_IDENTIFIER = Lol.BookwormUITests;
				PRODUCT_NAME = "$(TARGET_NAME)";
				SWIFT_EMIT_LOC_STRINGS = NO;
				SWIFT_VERSION = 5.0;
				TARGETED_DEVICE_FAMILY = "1,2";
				TEST_TARGET_NAME = Bookworm;
			};
			name = Release;
		};
/* End XCBuildConfiguration section */

/* Begin XCConfigurationList section */
		735F012328907E3E00345FEE /* Build configuration list for PBXProject "Bookworm" */ = {
			isa = XCConfigurationList;
			buildConfigurations = (
				735F014A28907E4000345FEE /* Debug */,
				735F014B28907E4000345FEE /* Release */,
			);
			defaultConfigurationIsVisible = 0;
			defaultConfigurationName = Release;
		};
		735F014C28907E4000345FEE /* Build configuration list for PBXNativeTarget "Bookworm" */ = {
			isa = XCConfigurationList;
			buildConfigurations = (
				735F014D28907E4000345FEE /* Debug */,
				735F014E28907E4000345FEE /* Release */,
			);
			defaultConfigurationIsVisible = 0;
			defaultConfigurationName = Release;
		};
		735F014F28907E4000345FEE /* Build configuration list for PBXNativeTarget "BookwormTests" */ = {
			isa = XCConfigurationList;
			buildConfigurations = (
				735F015028907E4000345FEE /* Debug */,
				735F015128907E4000345FEE /* Release */,
			);
			defaultConfigurationIsVisible = 0;
			defaultConfigurationName = Release;
		};
		735F015228907E4000345FEE /* Build configuration list for PBXNativeTarget "BookwormUITests" */ = {
			isa = XCConfigurationList;
			buildConfigurations = (
				735F015328907E4000345FEE /* Debug */,
				735F015428907E4000345FEE /* Release */,
			);
			defaultConfigurationIsVisible = 0;
			defaultConfigurationName = Release;
		};
/* End XCConfigurationList section */

/* Begin XCVersionGroup section */
		735F015528907EC300345FEE /* Bookworm.xcdatamodeld */ = {
			isa = XCVersionGroup;
			children = (
				735F015628907EC300345FEE /* Bookworm.xcdatamodel */,
			);
			currentVersion = 735F015628907EC300345FEE /* Bookworm.xcdatamodel */;
			path = Bookworm.xcdatamodeld;
			sourceTree = "<group>";
			versionGroupType = wrapper.xcdatamodel;
		};
/* End XCVersionGroup section */
	};
	rootObject = 735F012028907E3E00345FEE /* Project object */;
}
